
Microsoft Visual Studio Solution File, Format Version 12.00
# Visual Studio 15
VisualStudioVersion = 15.0.26228.12
MinimumVisualStudioVersion = 10.0.40219.1
Project("{2150E333-8FDC-42A3-9474-1A3956D46DE8}") = "src", "src", "{A49A0CE8-5D96-4DF1-81B2-AF98E38CB83C}"
EndProject
Project("{2150E333-8FDC-42A3-9474-1A3956D46DE8}") = "Solution Items", "Solution Items", "{E2A90813-2FD8-4AF0-BBC6-93D34D765F7B}"
	ProjectSection(SolutionItems) = preProject
		.gitignore = .gitignore
		Queryoptimizer.sql = Queryoptimizer.sql
		SqlPlanQuery.sql = SqlPlanQuery.sql
		SqlQueryPlanOptimizer.txt = SqlQueryPlanOptimizer.txt
	EndProjectSection
EndProject
Project("{FAE04EC0-301F-11D3-BF4B-00C04F79EFBC}") = "SqlAnalytics.Repo", "SqlAnalytics.Repo\SqlAnalytics.Repo.csproj", "{B1B90A76-C9BE-4B7E-8772-F4C049066870}"
EndProject
Project("{FAE04EC0-301F-11D3-BF4B-00C04F79EFBC}") = "SqlAnalytics.Domain", "SqlAnalytics.Domain\SqlAnalytics.Domain.csproj", "{204116A6-75E0-46F5-8BCC-AECF707E7868}"
EndProject
Project("{FAE04EC0-301F-11D3-BF4B-00C04F79EFBC}") = "SqlAnalytics.Manager", "SqlAnalytics.Manager\SqlAnalytics.Manager.csproj", "{C8DDFDB5-78B0-4150-9129-14603FDA20C6}"
EndProject
Project("{FAE04EC0-301F-11D3-BF4B-00C04F79EFBC}") = "SqlAnalytics.Api", "SqlAnalytics.Api\SqlAnalytics.Api.csproj", "{A579EAFA-7561-435D-AF46-928E40D140A3}"
EndProject
Project("{FAE04EC0-301F-11D3-BF4B-00C04F79EFBC}") = "SqlAnalytics.Test", "SqlAnalytics.Test\SqlAnalytics.Test.csproj", "{E13F6816-7CBE-4216-9CDB-342F1A58653C}"
EndProject
Global
	GlobalSection(SolutionConfigurationPlatforms) = preSolution
		Debug|Any CPU = Debug|Any CPU
		Debug|x86 = Debug|x86
		Release|Any CPU = Release|Any CPU
		Release|x86 = Release|x86
	EndGlobalSection
	GlobalSection(ProjectConfigurationPlatforms) = postSolution
		{B1B90A76-C9BE-4B7E-8772-F4C049066870}.Debug|Any CPU.ActiveCfg = Debug|Any CPU
		{B1B90A76-C9BE-4B7E-8772-F4C049066870}.Debug|Any CPU.Build.0 = Debug|Any CPU
		{B1B90A76-C9BE-4B7E-8772-F4C049066870}.Debug|x86.ActiveCfg = Debug|Any CPU
		{B1B90A76-C9BE-4B7E-8772-F4C049066870}.Debug|x86.Build.0 = Debug|Any CPU
		{B1B90A76-C9BE-4B7E-8772-F4C049066870}.Release|Any CPU.ActiveCfg = Release|Any CPU
		{B1B90A76-C9BE-4B7E-8772-F4C049066870}.Release|Any CPU.Build.0 = Release|Any CPU
		{B1B90A76-C9BE-4B7E-8772-F4C049066870}.Release|x86.ActiveCfg = Release|Any CPU
		{B1B90A76-C9BE-4B7E-8772-F4C049066870}.Release|x86.Build.0 = Release|Any CPU
		{204116A6-75E0-46F5-8BCC-AECF707E7868}.Debug|Any CPU.ActiveCfg = Debug|Any CPU
		{204116A6-75E0-46F5-8BCC-AECF707E7868}.Debug|Any CPU.Build.0 = Debug|Any CPU
		{204116A6-75E0-46F5-8BCC-AECF707E7868}.Debug|x86.ActiveCfg = Debug|Any CPU
		{204116A6-75E0-46F5-8BCC-AECF707E7868}.Debug|x86.Build.0 = Debug|Any CPU
		{204116A6-75E0-46F5-8BCC-AECF707E7868}.Release|Any CPU.ActiveCfg = Release|Any CPU
		{204116A6-75E0-46F5-8BCC-AECF707E7868}.Release|Any CPU.Build.0 = Release|Any CPU
		{204116A6-75E0-46F5-8BCC-AECF707E7868}.Release|x86.ActiveCfg = Release|Any CPU
		{204116A6-75E0-46F5-8BCC-AECF707E7868}.Release|x86.Build.0 = Release|Any CPU
		{C8DDFDB5-78B0-4150-9129-14603FDA20C6}.Debug|Any CPU.ActiveCfg = Debug|Any CPU
		{C8DDFDB5-78B0-4150-9129-14603FDA20C6}.Debug|Any CPU.Build.0 = Debug|Any CPU
		{C8DDFDB5-78B0-4150-9129-14603FDA20C6}.Debug|x86.ActiveCfg = Debug|Any CPU
		{C8DDFDB5-78B0-4150-9129-14603FDA20C6}.Debug|x86.Build.0 = Debug|Any CPU
		{C8DDFDB5-78B0-4150-9129-14603FDA20C6}.Release|Any CPU.ActiveCfg = Release|Any CPU
		{C8DDFDB5-78B0-4150-9129-14603FDA20C6}.Release|Any CPU.Build.0 = Release|Any CPU
		{C8DDFDB5-78B0-4150-9129-14603FDA20C6}.Release|x86.ActiveCfg = Release|Any CPU
		{C8DDFDB5-78B0-4150-9129-14603FDA20C6}.Release|x86.Build.0 = Release|Any CPU
		{A579EAFA-7561-435D-AF46-928E40D140A3}.Debug|Any CPU.ActiveCfg = Debug|Any CPU
		{A579EAFA-7561-435D-AF46-928E40D140A3}.Debug|Any CPU.Build.0 = Debug|Any CPU
		{A579EAFA-7561-435D-AF46-928E40D140A3}.Debug|x86.ActiveCfg = Debug|Any CPU
		{A579EAFA-7561-435D-AF46-928E40D140A3}.Debug|x86.Build.0 = Debug|Any CPU
		{A579EAFA-7561-435D-AF46-928E40D140A3}.Release|Any CPU.ActiveCfg = Release|Any CPU
		{A579EAFA-7561-435D-AF46-928E40D140A3}.Release|Any CPU.Build.0 = Release|Any CPU
		{A579EAFA-7561-435D-AF46-928E40D140A3}.Release|x86.ActiveCfg = Release|Any CPU
		{A579EAFA-7561-435D-AF46-928E40D140A3}.Release|x86.Build.0 = Release|Any CPU
		{E13F6816-7CBE-4216-9CDB-342F1A58653C}.Debug|Any CPU.ActiveCfg = Debug|Any CPU
		{E13F6816-7CBE-4216-9CDB-342F1A58653C}.Debug|Any CPU.Build.0 = Debug|Any CPU
		{E13F6816-7CBE-4216-9CDB-342F1A58653C}.Debug|x86.ActiveCfg = Debug|Any CPU
		{E13F6816-7CBE-4216-9CDB-342F1A58653C}.Debug|x86.Build.0 = Debug|Any CPU
		{E13F6816-7CBE-4216-9CDB-342F1A58653C}.Release|Any CPU.ActiveCfg = Release|Any CPU
		{E13F6816-7CBE-4216-9CDB-342F1A58653C}.Release|Any CPU.Build.0 = Release|Any CPU
		{E13F6816-7CBE-4216-9CDB-342F1A58653C}.Release|x86.ActiveCfg = Release|Any CPU
		{E13F6816-7CBE-4216-9CDB-342F1A58653C}.Release|x86.Build.0 = Release|Any CPU
	EndGlobalSection
	GlobalSection(SolutionProperties) = preSolution
		HideSolutionNode = FALSE
	EndGlobalSection
	GlobalSection(NestedProjects) = preSolution
		{B1B90A76-C9BE-4B7E-8772-F4C049066870} = {A49A0CE8-5D96-4DF1-81B2-AF98E38CB83C}
		{204116A6-75E0-46F5-8BCC-AECF707E7868} = {A49A0CE8-5D96-4DF1-81B2-AF98E38CB83C}
		{C8DDFDB5-78B0-4150-9129-14603FDA20C6} = {A49A0CE8-5D96-4DF1-81B2-AF98E38CB83C}
		{A579EAFA-7561-435D-AF46-928E40D140A3} = {A49A0CE8-5D96-4DF1-81B2-AF98E38CB83C}
		{E13F6816-7CBE-4216-9CDB-342F1A58653C} = {A49A0CE8-5D96-4DF1-81B2-AF98E38CB83C}
	EndGlobalSection
EndGlobal
